
Microsoft Visual Studio Solution File, Format Version 12.00
# Visual Studio Version 16
VisualStudioVersion = 16.0.31624.102
MinimumVisualStudioVersion = 10.0.40219.1
Project("{FAE04EC0-301F-11D3-BF4B-00C04F79EFBC}") = "API", "API\API.csproj", "{BA388091-45FE-4F8D-BD7F-E9B94759E30E}"
EndProject
Global
	GlobalSection(SolutionConfigurationPlatforms) = preSolution
		Debug|Any CPU = Debug|Any CPU
		Release|Any CPU = Release|Any CPU
	EndGlobalSection
	GlobalSection(ProjectConfigurationPlatforms) = postSolution
		{BA388091-45FE-4F8D-BD7F-E9B94759E30E}.Debug|Any CPU.ActiveCfg = Debug|Any CPU
		{BA388091-45FE-4F8D-BD7F-E9B94759E30E}.Debug|Any CPU.Build.0 = Debug|Any CPU
		{BA388091-45FE-4F8D-BD7F-E9B94759E30E}.Release|Any CPU.ActiveCfg = Release|Any CPU
		{BA388091-45FE-4F8D-BD7F-E9B94759E30E}.Release|Any CPU.Build.0 = Release|Any CPU
	EndGlobalSection
	GlobalSection(SolutionProperties) = preSolution
		HideSolutionNode = FALSE
	EndGlobalSection
	GlobalSection(ExtensibilityGlobals) = postSolution
		SolutionGuid = {7DC957A4-E61A-4A20-AF0A-8248B9F2DF98}
	EndGlobalSection
EndGlobal
